
Microsoft Visual Studio Solution File, Format Version 12.00
# Visual Studio 14
VisualStudioVersion = 14.0.25420.1
MinimumVisualStudioVersion = 10.0.40219.1
Project("{8BC9CEB8-8B4A-11D0-8D11-00A0C91BC942}") = "NppDocIt", "NppDocIt.vcxproj", "{1590D7CD-7D3A-4AB7-A355-EE02F7FB987D}"
	ProjectSection(ProjectDependencies) = postProject
		{1CE49B1E-93FC-445B-98CB-2602ED80EADB} = {1CE49B1E-93FC-445B-98CB-2602ED80EADB}
		{C56B8B8D-3D66-438D-827B-DD4E99BB865C} = {C56B8B8D-3D66-438D-827B-DD4E99BB865C}
		{360C1FAF-67E3-4D9C-8A9E-D206CB9C7C49} = {360C1FAF-67E3-4D9C-8A9E-D206CB9C7C49}
		{48212FCA-75E8-4DA6-8DE5-CBF46C1644E8} = {48212FCA-75E8-4DA6-8DE5-CBF46C1644E8}
	EndProjectSection
EndProject
Project("{8BC9CEB8-8B4A-11D0-8D11-00A0C91BC942}") = "dlltest", "nppdocitplugins\dlltest\dlltest.vcxproj", "{26F006CC-20F0-48DA-92EA-68084A48A3A1}"
	ProjectSection(ProjectDependencies) = postProject
		{1CE49B1E-93FC-445B-98CB-2602ED80EADB} = {1CE49B1E-93FC-445B-98CB-2602ED80EADB}
		{C56B8B8D-3D66-438D-827B-DD4E99BB865C} = {C56B8B8D-3D66-438D-827B-DD4E99BB865C}
		{48212FCA-75E8-4DA6-8DE5-CBF46C1644E8} = {48212FCA-75E8-4DA6-8DE5-CBF46C1644E8}
	EndProjectSection
EndProject
Project("{8BC9CEB8-8B4A-11D0-8D11-00A0C91BC942}") = "nppdocitC", "nppdocitplugins\nppdocitC\nppdocitC.vcxproj", "{1CE49B1E-93FC-445B-98CB-2602ED80EADB}"
EndProject
Project("{8BC9CEB8-8B4A-11D0-8D11-00A0C91BC942}") = "nppdocitCPP", "nppdocitplugins\nppdocitCPP\nppdocitCPP.vcxproj", "{C56B8B8D-3D66-438D-827B-DD4E99BB865C}"
EndProject
Project("{8BC9CEB8-8B4A-11D0-8D11-00A0C91BC942}") = "nppdocitJava", "nppdocitplugins\nppdocitJava\nppdocitJava.vcxproj", "{48212FCA-75E8-4DA6-8DE5-CBF46C1644E8}"
EndProject
Project("{8BC9CEB8-8B4A-11D0-8D11-00A0C91BC942}") = "nppdocitPHP", "nppdocitplugins\nppdocitPHP\nppdocitPHP.vcxproj", "{360C1FAF-67E3-4D9C-8A9E-D206CB9C7C49}"
EndProject
Global
	GlobalSection(SolutionConfigurationPlatforms) = preSolution
		Debug|Win32 = Debug|Win32
		Debug|x64 = Debug|x64
		Release|Win32 = Release|Win32
		Release|x64 = Release|x64
		Unicode Debug|Win32 = Unicode Debug|Win32
		Unicode Debug|x64 = Unicode Debug|x64
		Unicode Release|Win32 = Unicode Release|Win32
		Unicode Release|x64 = Unicode Release|x64
	EndGlobalSection
	GlobalSection(ProjectConfigurationPlatforms) = postSolution
		{1590D7CD-7D3A-4AB7-A355-EE02F7FB987D}.Debug|Win32.ActiveCfg = Unicode Debug|Win32
		{1590D7CD-7D3A-4AB7-A355-EE02F7FB987D}.Debug|Win32.Build.0 = Unicode Debug|Win32
		{1590D7CD-7D3A-4AB7-A355-EE02F7FB987D}.Debug|x64.ActiveCfg = Unicode Debug|x64
		{1590D7CD-7D3A-4AB7-A355-EE02F7FB987D}.Debug|x64.Build.0 = Unicode Debug|x64
		{1590D7CD-7D3A-4AB7-A355-EE02F7FB987D}.Release|Win32.ActiveCfg = Unicode Release|Win32
		{1590D7CD-7D3A-4AB7-A355-EE02F7FB987D}.Release|Win32.Build.0 = Unicode Release|Win32
		{1590D7CD-7D3A-4AB7-A355-EE02F7FB987D}.Release|x64.ActiveCfg = Unicode Release|x64
		{1590D7CD-7D3A-4AB7-A355-EE02F7FB987D}.Release|x64.Build.0 = Unicode Release|x64
		{1590D7CD-7D3A-4AB7-A355-EE02F7FB987D}.Unicode Debug|Win32.ActiveCfg = Unicode Debug|Win32
		{1590D7CD-7D3A-4AB7-A355-EE02F7FB987D}.Unicode Debug|Win32.Build.0 = Unicode Debug|Win32
		{1590D7CD-7D3A-4AB7-A355-EE02F7FB987D}.Unicode Debug|x64.ActiveCfg = Unicode Debug|x64
		{1590D7CD-7D3A-4AB7-A355-EE02F7FB987D}.Unicode Debug|x64.Build.0 = Unicode Debug|x64
		{1590D7CD-7D3A-4AB7-A355-EE02F7FB987D}.Unicode Release|Win32.ActiveCfg = Unicode Release|Win32
		{1590D7CD-7D3A-4AB7-A355-EE02F7FB987D}.Unicode Release|Win32.Build.0 = Unicode Release|Win32
		{1590D7CD-7D3A-4AB7-A355-EE02F7FB987D}.Unicode Release|x64.ActiveCfg = Unicode Release|x64
		{1590D7CD-7D3A-4AB7-A355-EE02F7FB987D}.Unicode Release|x64.Build.0 = Unicode Release|x64
		{26F006CC-20F0-48DA-92EA-68084A48A3A1}.Debug|Win32.ActiveCfg = Debug|Win32
		{26F006CC-20F0-48DA-92EA-68084A48A3A1}.Debug|Win32.Build.0 = Debug|Win32
		{26F006CC-20F0-48DA-92EA-68084A48A3A1}.Debug|x64.ActiveCfg = Debug|x64
		{26F006CC-20F0-48DA-92EA-68084A48A3A1}.Debug|x64.Build.0 = Debug|x64
		{26F006CC-20F0-48DA-92EA-68084A48A3A1}.Release|Win32.ActiveCfg = Release|Win32
		{26F006CC-20F0-48DA-92EA-68084A48A3A1}.Release|Win32.Build.0 = Release|Win32
		{26F006CC-20F0-48DA-92EA-68084A48A3A1}.Release|x64.ActiveCfg = Release|x64
		{26F006CC-20F0-48DA-92EA-68084A48A3A1}.Release|x64.Build.0 = Release|x64
		{26F006CC-20F0-48DA-92EA-68084A48A3A1}.Unicode Debug|Win32.ActiveCfg = Release|Win32
		{26F006CC-20F0-48DA-92EA-68084A48A3A1}.Unicode Debug|Win32.Build.0 = Release|Win32
		{26F006CC-20F0-48DA-92EA-68084A48A3A1}.Unicode Debug|x64.ActiveCfg = Debug|x64
		{26F006CC-20F0-48DA-92EA-68084A48A3A1}.Unicode Debug|x64.Build.0 = Debug|x64
		{26F006CC-20F0-48DA-92EA-68084A48A3A1}.Unicode Release|Win32.ActiveCfg = Release|Win32
		{26F006CC-20F0-48DA-92EA-68084A48A3A1}.Unicode Release|Win32.Build.0 = Release|Win32
		{26F006CC-20F0-48DA-92EA-68084A48A3A1}.Unicode Release|x64.ActiveCfg = Release|x64
		{26F006CC-20F0-48DA-92EA-68084A48A3A1}.Unicode Release|x64.Build.0 = Release|x64
		{1CE49B1E-93FC-445B-98CB-2602ED80EADB}.Debug|Win32.ActiveCfg = Release|Win32
		{1CE49B1E-93FC-445B-98CB-2602ED80EADB}.Debug|Win32.Build.0 = Release|Win32
		{1CE49B1E-93FC-445B-98CB-2602ED80EADB}.Debug|x64.ActiveCfg = Debug|x64
		{1CE49B1E-93FC-445B-98CB-2602ED80EADB}.Debug|x64.Build.0 = Debug|x64
		{1CE49B1E-93FC-445B-98CB-2602ED80EADB}.Release|Win32.ActiveCfg = Release|Win32
		{1CE49B1E-93FC-445B-98CB-2602ED80EADB}.Release|Win32.Build.0 = Release|Win32
		{1CE49B1E-93FC-445B-98CB-2602ED80EADB}.Release|x64.ActiveCfg = Release|x64
		{1CE49B1E-93FC-445B-98CB-2602ED80EADB}.Release|x64.Build.0 = Release|x64
		{1CE49B1E-93FC-445B-98CB-2602ED80EADB}.Unicode Debug|Win32.ActiveCfg = Release|Win32
		{1CE49B1E-93FC-445B-98CB-2602ED80EADB}.Unicode Debug|Win32.Build.0 = Release|Win32
		{1CE49B1E-93FC-445B-98CB-2602ED80EADB}.Unicode Debug|x64.ActiveCfg = Debug|x64
		{1CE49B1E-93FC-445B-98CB-2602ED80EADB}.Unicode Debug|x64.Build.0 = Debug|x64
		{1CE49B1E-93FC-445B-98CB-2602ED80EADB}.Unicode Release|Win32.ActiveCfg = Release|Win32
		{1CE49B1E-93FC-445B-98CB-2602ED80EADB}.Unicode Release|Win32.Build.0 = Release|Win32
		{1CE49B1E-93FC-445B-98CB-2602ED80EADB}.Unicode Release|x64.ActiveCfg = Release|x64
		{1CE49B1E-93FC-445B-98CB-2602ED80EADB}.Unicode Release|x64.Build.0 = Release|x64
		{C56B8B8D-3D66-438D-827B-DD4E99BB865C}.Debug|Win32.ActiveCfg = Release|Win32
		{C56B8B8D-3D66-438D-827B-DD4E99BB865C}.Debug|Win32.Build.0 = Release|Win32
		{C56B8B8D-3D66-438D-827B-DD4E99BB865C}.Debug|x64.ActiveCfg = Debug|x64
		{C56B8B8D-3D66-438D-827B-DD4E99BB865C}.Debug|x64.Build.0 = Debug|x64
		{C56B8B8D-3D66-438D-827B-DD4E99BB865C}.Release|Win32.ActiveCfg = Release|Win32
		{C56B8B8D-3D66-438D-827B-DD4E99BB865C}.Release|Win32.Build.0 = Release|Win32
		{C56B8B8D-3D66-438D-827B-DD4E99BB865C}.Release|x64.ActiveCfg = Release|x64
		{C56B8B8D-3D66-438D-827B-DD4E99BB865C}.Release|x64.Build.0 = Release|x64
		{C56B8B8D-3D66-438D-827B-DD4E99BB865C}.Unicode Debug|Win32.ActiveCfg = Release|Win32
		{C56B8B8D-3D66-438D-827B-DD4E99BB865C}.Unicode Debug|Win32.Build.0 = Release|Win32
		{C56B8B8D-3D66-438D-827B-DD4E99BB865C}.Unicode Debug|x64.ActiveCfg = Debug|x64
		{C56B8B8D-3D66-438D-827B-DD4E99BB865C}.Unicode Debug|x64.Build.0 = Debug|x64
		{C56B8B8D-3D66-438D-827B-DD4E99BB865C}.Unicode Release|Win32.ActiveCfg = Release|Win32
		{C56B8B8D-3D66-438D-827B-DD4E99BB865C}.Unicode Release|Win32.Build.0 = Release|Win32
		{C56B8B8D-3D66-438D-827B-DD4E99BB865C}.Unicode Release|x64.ActiveCfg = Release|x64
		{C56B8B8D-3D66-438D-827B-DD4E99BB865C}.Unicode Release|x64.Build.0 = Release|x64
		{48212FCA-75E8-4DA6-8DE5-CBF46C1644E8}.Debug|Win32.ActiveCfg = Release|Win32
		{48212FCA-75E8-4DA6-8DE5-CBF46C1644E8}.Debug|Win32.Build.0 = Release|Win32
		{48212FCA-75E8-4DA6-8DE5-CBF46C1644E8}.Debug|x64.ActiveCfg = Debug|x64
		{48212FCA-75E8-4DA6-8DE5-CBF46C1644E8}.Debug|x64.Build.0 = Debug|x64
		{48212FCA-75E8-4DA6-8DE5-CBF46C1644E8}.Release|Win32.ActiveCfg = Release|Win32
		{48212FCA-75E8-4DA6-8DE5-CBF46C1644E8}.Release|Win32.Build.0 = Release|Win32
		{48212FCA-75E8-4DA6-8DE5-CBF46C1644E8}.Release|x64.ActiveCfg = Release|x64
		{48212FCA-75E8-4DA6-8DE5-CBF46C1644E8}.Release|x64.Build.0 = Release|x64
		{48212FCA-75E8-4DA6-8DE5-CBF46C1644E8}.Unicode Debug|Win32.ActiveCfg = Release|Win32
		{48212FCA-75E8-4DA6-8DE5-CBF46C1644E8}.Unicode Debug|Win32.Build.0 = Release|Win32
		{48212FCA-75E8-4DA6-8DE5-CBF46C1644E8}.Unicode Debug|x64.ActiveCfg = Debug|x64
		{48212FCA-75E8-4DA6-8DE5-CBF46C1644E8}.Unicode Debug|x64.Build.0 = Debug|x64
		{48212FCA-75E8-4DA6-8DE5-CBF46C1644E8}.Unicode Release|Win32.ActiveCfg = Release|Win32
		{48212FCA-75E8-4DA6-8DE5-CBF46C1644E8}.Unicode Release|Win32.Build.0 = Release|Win32
		{48212FCA-75E8-4DA6-8DE5-CBF46C1644E8}.Unicode Release|x64.ActiveCfg = Release|x64
		{48212FCA-75E8-4DA6-8DE5-CBF46C1644E8}.Unicode Release|x64.Build.0 = Release|x64
		{360C1FAF-67E3-4D9C-8A9E-D206CB9C7C49}.Debug|Win32.ActiveCfg = Release|Win32
		{360C1FAF-67E3-4D9C-8A9E-D206CB9C7C49}.Debug|Win32.Build.0 = Release|Win32
		{360C1FAF-67E3-4D9C-8A9E-D206CB9C7C49}.Debug|x64.ActiveCfg = Debug|x64
		{360C1FAF-67E3-4D9C-8A9E-D206CB9C7C49}.Debug|x64.Build.0 = Debug|x64
		{360C1FAF-67E3-4D9C-8A9E-D206CB9C7C49}.Release|Win32.ActiveCfg = Release|Win32
		{360C1FAF-67E3-4D9C-8A9E-D206CB9C7C49}.Release|Win32.Build.0 = Release|Win32
		{360C1FAF-67E3-4D9C-8A9E-D206CB9C7C49}.Release|x64.ActiveCfg = Release|x64
		{360C1FAF-67E3-4D9C-8A9E-D206CB9C7C49}.Release|x64.Build.0 = Release|x64
		{360C1FAF-67E3-4D9C-8A9E-D206CB9C7C49}.Unicode Debug|Win32.ActiveCfg = Release|Win32
		{360C1FAF-67E3-4D9C-8A9E-D206CB9C7C49}.Unicode Debug|Win32.Build.0 = Release|Win32
		{360C1FAF-67E3-4D9C-8A9E-D206CB9C7C49}.Unicode Debug|x64.ActiveCfg = Debug|x64
		{360C1FAF-67E3-4D9C-8A9E-D206CB9C7C49}.Unicode Debug|x64.Build.0 = Debug|x64
		{360C1FAF-67E3-4D9C-8A9E-D206CB9C7C49}.Unicode Release|Win32.ActiveCfg = Release|Win32
		{360C1FAF-67E3-4D9C-8A9E-D206CB9C7C49}.Unicode Release|Win32.Build.0 = Release|Win32
		{360C1FAF-67E3-4D9C-8A9E-D206CB9C7C49}.Unicode Release|x64.ActiveCfg = Release|x64
		{360C1FAF-67E3-4D9C-8A9E-D206CB9C7C49}.Unicode Release|x64.Build.0 = Release|x64
	EndGlobalSection
	GlobalSection(SolutionProperties) = preSolution
		HideSolutionNode = FALSE
	EndGlobalSection
EndGlobal
