
Microsoft Visual Studio Solution File, Format Version 11.00
# Visual C++ Express 2010
Project("{8BC9CEB8-8B4A-11D0-8D11-00A0C91BC942}") = "NppDocIt", "NppDocIt.vcxproj", "{1590D7CD-7D3A-4AB7-A355-EE02F7FB987D}"
EndProject
Project("{8BC9CEB8-8B4A-11D0-8D11-00A0C91BC942}") = "dlltest", "nppdocitplugins\dlltest\dlltest.vcxproj", "{26F006CC-20F0-48DA-92EA-68084A48A3A1}"
	ProjectSection(ProjectDependencies) = postProject
		{1CE49B1E-93FC-445B-98CB-2602ED80EADB} = {1CE49B1E-93FC-445B-98CB-2602ED80EADB}
		{C56B8B8D-3D66-438D-827B-DD4E99BB865C} = {C56B8B8D-3D66-438D-827B-DD4E99BB865C}
		{48212FCA-75E8-4DA6-8DE5-CBF46C1644E8} = {48212FCA-75E8-4DA6-8DE5-CBF46C1644E8}
	EndProjectSection
EndProject
Project("{8BC9CEB8-8B4A-11D0-8D11-00A0C91BC942}") = "nppdocitC", "nppdocitplugins\nppdocitC\nppdocitC.vcxproj", "{1CE49B1E-93FC-445B-98CB-2602ED80EADB}"
EndProject
Project("{8BC9CEB8-8B4A-11D0-8D11-00A0C91BC942}") = "nppdocitCPP", "nppdocitplugins\nppdocitCPP\nppdocitCPP.vcxproj", "{C56B8B8D-3D66-438D-827B-DD4E99BB865C}"
EndProject
Project("{8BC9CEB8-8B4A-11D0-8D11-00A0C91BC942}") = "nppdocitJava", "nppdocitplugins\nppdocitJava\nppdocitJava.vcxproj", "{48212FCA-75E8-4DA6-8DE5-CBF46C1644E8}"
EndProject
Project("{8BC9CEB8-8B4A-11D0-8D11-00A0C91BC942}") = "nppdocitPHP", "nppdocitplugins\nppdocitPHP\nppdocitPHP.vcxproj", "{360C1FAF-67E3-4D9C-8A9E-D206CB9C7C49}"
EndProject
Global
	GlobalSection(SolutionConfigurationPlatforms) = preSolution
		ANSI Debug|Win32 = ANSI Debug|Win32
		ANSI Release|Win32 = ANSI Release|Win32
		Debug|Win32 = Debug|Win32
		Release|Win32 = Release|Win32
		Unicode Debug|Win32 = Unicode Debug|Win32
		Unicode Realeas|Win32 = Unicode Realeas|Win32
	EndGlobalSection
	GlobalSection(ProjectConfigurationPlatforms) = postSolution
		{1590D7CD-7D3A-4AB7-A355-EE02F7FB987D}.ANSI Debug|Win32.ActiveCfg = Unicode Realeas|Win32
		{1590D7CD-7D3A-4AB7-A355-EE02F7FB987D}.ANSI Debug|Win32.Build.0 = Unicode Realeas|Win32
		{1590D7CD-7D3A-4AB7-A355-EE02F7FB987D}.ANSI Release|Win32.ActiveCfg = ANSI Release|Win32
		{1590D7CD-7D3A-4AB7-A355-EE02F7FB987D}.ANSI Release|Win32.Build.0 = ANSI Release|Win32
		{1590D7CD-7D3A-4AB7-A355-EE02F7FB987D}.Debug|Win32.ActiveCfg = Unicode Debug|Win32
		{1590D7CD-7D3A-4AB7-A355-EE02F7FB987D}.Debug|Win32.Build.0 = Unicode Debug|Win32
		{1590D7CD-7D3A-4AB7-A355-EE02F7FB987D}.Release|Win32.ActiveCfg = ANSI Release|Win32
		{1590D7CD-7D3A-4AB7-A355-EE02F7FB987D}.Release|Win32.Build.0 = ANSI Release|Win32
		{1590D7CD-7D3A-4AB7-A355-EE02F7FB987D}.Unicode Debug|Win32.ActiveCfg = Unicode Debug|Win32
		{1590D7CD-7D3A-4AB7-A355-EE02F7FB987D}.Unicode Debug|Win32.Build.0 = Unicode Debug|Win32
		{1590D7CD-7D3A-4AB7-A355-EE02F7FB987D}.Unicode Realeas|Win32.ActiveCfg = Unicode Realeas|Win32
		{1590D7CD-7D3A-4AB7-A355-EE02F7FB987D}.Unicode Realeas|Win32.Build.0 = Unicode Realeas|Win32
		{26F006CC-20F0-48DA-92EA-68084A48A3A1}.ANSI Debug|Win32.ActiveCfg = Release|Win32
		{26F006CC-20F0-48DA-92EA-68084A48A3A1}.ANSI Debug|Win32.Build.0 = Release|Win32
		{26F006CC-20F0-48DA-92EA-68084A48A3A1}.ANSI Release|Win32.ActiveCfg = Release|Win32
		{26F006CC-20F0-48DA-92EA-68084A48A3A1}.ANSI Release|Win32.Build.0 = Release|Win32
		{26F006CC-20F0-48DA-92EA-68084A48A3A1}.Debug|Win32.ActiveCfg = Debug|Win32
		{26F006CC-20F0-48DA-92EA-68084A48A3A1}.Debug|Win32.Build.0 = Debug|Win32
		{26F006CC-20F0-48DA-92EA-68084A48A3A1}.Release|Win32.ActiveCfg = Release|Win32
		{26F006CC-20F0-48DA-92EA-68084A48A3A1}.Release|Win32.Build.0 = Release|Win32
		{26F006CC-20F0-48DA-92EA-68084A48A3A1}.Unicode Debug|Win32.ActiveCfg = Debug|Win32
		{26F006CC-20F0-48DA-92EA-68084A48A3A1}.Unicode Debug|Win32.Build.0 = Debug|Win32
		{26F006CC-20F0-48DA-92EA-68084A48A3A1}.Unicode Realeas|Win32.ActiveCfg = Release|Win32
		{26F006CC-20F0-48DA-92EA-68084A48A3A1}.Unicode Realeas|Win32.Build.0 = Release|Win32
		{1CE49B1E-93FC-445B-98CB-2602ED80EADB}.ANSI Debug|Win32.ActiveCfg = Release|Win32
		{1CE49B1E-93FC-445B-98CB-2602ED80EADB}.ANSI Debug|Win32.Build.0 = Release|Win32
		{1CE49B1E-93FC-445B-98CB-2602ED80EADB}.ANSI Release|Win32.ActiveCfg = Release|Win32
		{1CE49B1E-93FC-445B-98CB-2602ED80EADB}.ANSI Release|Win32.Build.0 = Release|Win32
		{1CE49B1E-93FC-445B-98CB-2602ED80EADB}.Debug|Win32.ActiveCfg = Debug|Win32
		{1CE49B1E-93FC-445B-98CB-2602ED80EADB}.Debug|Win32.Build.0 = Debug|Win32
		{1CE49B1E-93FC-445B-98CB-2602ED80EADB}.Release|Win32.ActiveCfg = Release|Win32
		{1CE49B1E-93FC-445B-98CB-2602ED80EADB}.Release|Win32.Build.0 = Release|Win32
		{1CE49B1E-93FC-445B-98CB-2602ED80EADB}.Unicode Debug|Win32.ActiveCfg = Debug|Win32
		{1CE49B1E-93FC-445B-98CB-2602ED80EADB}.Unicode Debug|Win32.Build.0 = Debug|Win32
		{1CE49B1E-93FC-445B-98CB-2602ED80EADB}.Unicode Realeas|Win32.ActiveCfg = Release|Win32
		{1CE49B1E-93FC-445B-98CB-2602ED80EADB}.Unicode Realeas|Win32.Build.0 = Release|Win32
		{C56B8B8D-3D66-438D-827B-DD4E99BB865C}.ANSI Debug|Win32.ActiveCfg = Release|Win32
		{C56B8B8D-3D66-438D-827B-DD4E99BB865C}.ANSI Debug|Win32.Build.0 = Release|Win32
		{C56B8B8D-3D66-438D-827B-DD4E99BB865C}.ANSI Release|Win32.ActiveCfg = Release|Win32
		{C56B8B8D-3D66-438D-827B-DD4E99BB865C}.ANSI Release|Win32.Build.0 = Release|Win32
		{C56B8B8D-3D66-438D-827B-DD4E99BB865C}.Debug|Win32.ActiveCfg = Debug|Win32
		{C56B8B8D-3D66-438D-827B-DD4E99BB865C}.Debug|Win32.Build.0 = Debug|Win32
		{C56B8B8D-3D66-438D-827B-DD4E99BB865C}.Release|Win32.ActiveCfg = Release|Win32
		{C56B8B8D-3D66-438D-827B-DD4E99BB865C}.Release|Win32.Build.0 = Release|Win32
		{C56B8B8D-3D66-438D-827B-DD4E99BB865C}.Unicode Debug|Win32.ActiveCfg = Debug|Win32
		{C56B8B8D-3D66-438D-827B-DD4E99BB865C}.Unicode Debug|Win32.Build.0 = Debug|Win32
		{C56B8B8D-3D66-438D-827B-DD4E99BB865C}.Unicode Realeas|Win32.ActiveCfg = Release|Win32
		{C56B8B8D-3D66-438D-827B-DD4E99BB865C}.Unicode Realeas|Win32.Build.0 = Release|Win32
		{48212FCA-75E8-4DA6-8DE5-CBF46C1644E8}.ANSI Debug|Win32.ActiveCfg = Release|Win32
		{48212FCA-75E8-4DA6-8DE5-CBF46C1644E8}.ANSI Debug|Win32.Build.0 = Release|Win32
		{48212FCA-75E8-4DA6-8DE5-CBF46C1644E8}.ANSI Release|Win32.ActiveCfg = Release|Win32
		{48212FCA-75E8-4DA6-8DE5-CBF46C1644E8}.ANSI Release|Win32.Build.0 = Release|Win32
		{48212FCA-75E8-4DA6-8DE5-CBF46C1644E8}.Debug|Win32.ActiveCfg = Debug|Win32
		{48212FCA-75E8-4DA6-8DE5-CBF46C1644E8}.Debug|Win32.Build.0 = Debug|Win32
		{48212FCA-75E8-4DA6-8DE5-CBF46C1644E8}.Release|Win32.ActiveCfg = Release|Win32
		{48212FCA-75E8-4DA6-8DE5-CBF46C1644E8}.Release|Win32.Build.0 = Release|Win32
		{48212FCA-75E8-4DA6-8DE5-CBF46C1644E8}.Unicode Debug|Win32.ActiveCfg = Debug|Win32
		{48212FCA-75E8-4DA6-8DE5-CBF46C1644E8}.Unicode Debug|Win32.Build.0 = Debug|Win32
		{48212FCA-75E8-4DA6-8DE5-CBF46C1644E8}.Unicode Realeas|Win32.ActiveCfg = Release|Win32
		{48212FCA-75E8-4DA6-8DE5-CBF46C1644E8}.Unicode Realeas|Win32.Build.0 = Release|Win32
		{360C1FAF-67E3-4D9C-8A9E-D206CB9C7C49}.ANSI Debug|Win32.ActiveCfg = Release|Win32
		{360C1FAF-67E3-4D9C-8A9E-D206CB9C7C49}.ANSI Debug|Win32.Build.0 = Release|Win32
		{360C1FAF-67E3-4D9C-8A9E-D206CB9C7C49}.ANSI Release|Win32.ActiveCfg = Release|Win32
		{360C1FAF-67E3-4D9C-8A9E-D206CB9C7C49}.ANSI Release|Win32.Build.0 = Release|Win32
		{360C1FAF-67E3-4D9C-8A9E-D206CB9C7C49}.Debug|Win32.ActiveCfg = Debug|Win32
		{360C1FAF-67E3-4D9C-8A9E-D206CB9C7C49}.Debug|Win32.Build.0 = Debug|Win32
		{360C1FAF-67E3-4D9C-8A9E-D206CB9C7C49}.Release|Win32.ActiveCfg = Release|Win32
		{360C1FAF-67E3-4D9C-8A9E-D206CB9C7C49}.Release|Win32.Build.0 = Release|Win32
		{360C1FAF-67E3-4D9C-8A9E-D206CB9C7C49}.Unicode Debug|Win32.ActiveCfg = Debug|Win32
		{360C1FAF-67E3-4D9C-8A9E-D206CB9C7C49}.Unicode Debug|Win32.Build.0 = Debug|Win32
		{360C1FAF-67E3-4D9C-8A9E-D206CB9C7C49}.Unicode Realeas|Win32.ActiveCfg = Release|Win32
		{360C1FAF-67E3-4D9C-8A9E-D206CB9C7C49}.Unicode Realeas|Win32.Build.0 = Release|Win32
	EndGlobalSection
	GlobalSection(SolutionProperties) = preSolution
		HideSolutionNode = FALSE
	EndGlobalSection
EndGlobal
